
Microsoft Visual Studio Solution File, Format Version 12.00
# Visual Studio Version 16
VisualStudioVersion = 16.0.31605.320
MinimumVisualStudioVersion = 10.0.40219.1
Project("{FAE04EC0-301F-11D3-BF4B-00C04F79EFBC}") = "Mantis Doom", "Mantis Doom\Mantis Doom.csproj", "{55412115-3FAE-4079-8C5F-C18DCDC47512}"
EndProject
Global
	GlobalSection(SolutionConfigurationPlatforms) = preSolution
		Debug|Any CPU = Debug|Any CPU
		Release|Any CPU = Release|Any CPU
	EndGlobalSection
	GlobalSection(ProjectConfigurationPlatforms) = postSolution
		{55412115-3FAE-4079-8C5F-C18DCDC47512}.Debug|Any CPU.ActiveCfg = Debug|Any CPU
		{55412115-3FAE-4079-8C5F-C18DCDC47512}.Debug|Any CPU.Build.0 = Debug|Any CPU
		{55412115-3FAE-4079-8C5F-C18DCDC47512}.Release|Any CPU.ActiveCfg = Release|Any CPU
		{55412115-3FAE-4079-8C5F-C18DCDC47512}.Release|Any CPU.Build.0 = Release|Any CPU
	EndGlobalSection
	GlobalSection(SolutionProperties) = preSolution
		HideSolutionNode = FALSE
	EndGlobalSection
	GlobalSection(ExtensibilityGlobals) = postSolution
		SolutionGuid = {3A9D05CF-479B-4826-A532-E5D1116DACEE}
	EndGlobalSection
EndGlobal
